{
  "name": "md-paper",
  "version": "0.3.2",
  "lockfileVersion": 2,
  "requires": true,
  "packages": {
    "": {
      "version": "0.3.2",
      "license": "Unlicense",
      "dependencies": {
        "shc": "^0.0.3"
      }
    },
    "node_modules/asap": {
      "version": "1.0.0",
      "resolved": "https://registry.npmjs.org/asap/-/asap-1.0.0.tgz",
      "integrity": "sha1-sqRdpf36ILBJb8N2jMJ8EvqRan0="
    },
    "node_modules/asn1": {
      "version": "0.1.11",
      "resolved": "https://registry.npmjs.org/asn1/-/asn1-0.1.11.tgz",
      "integrity": "sha1-VZvhg3bQik7E2+gId9J4GGObLfc=",
      "engines": {
        "node": ">=0.4.9"
      }
    },
    "node_modules/buffers": {
      "version": "0.1.1",
      "resolved": "https://registry.npmjs.org/buffers/-/buffers-0.1.1.tgz",
      "integrity": "sha1-skV5w77U1tOWru5tmorn9Ugqt7s=",
      "engines": {
        "node": ">=0.2.0"
      }
    },
    "node_modules/debug": {
      "version": "0.7.4",
      "resolved": "https://registry.npmjs.org/debug/-/debug-0.7.4.tgz",
      "integrity": "sha1-BuHqgILCyxTjmAbiLi9vdX+Srzk=",
      "engines": {
        "node": "*"
      }
    },
    "node_modules/promise": {
      "version": "4.0.0",
      "resolved": "https://registry.npmjs.org/promise/-/promise-4.0.0.tgz",
      "integrity": "sha1-ctlleYj16HUoKTaGxho0XtIFTEY=",
      "dependencies": {
        "asap": "~1.0.0"
      }
    },
    "node_modules/promise-deferred": {
      "version": "0.1.1",
      "resolved": "https://registry.npmjs.org/promise-deferred/-/promise-deferred-0.1.1.tgz",
      "integrity": "sha1-kvOYzhVzqiI5YvQDf34tcaMG8eE=",
      "dependencies": {
        "promise": "~4.0.0"
      },
      "engines": {
        "node": ">= 0.4"
      }
    },
    "node_modules/shc": {
      "version": "0.0.3",
      "resolved": "https://registry.npmjs.org/shc/-/shc-0.0.3.tgz",
      "integrity": "sha1-PY3+ebcDBIlxSFQb+obUHW6wV2E=",
      "dependencies": {
        "buffers": "0.1.x",
        "debug": "0.7.x",
        "promise-deferred": "0.1.x",
        "ssh2": "~0.2.22"
      },
      "engines": {
        "node": "*"
      }
    },
    "node_modules/ssh2": {
      "version": "0.2.25",
      "resolved": "https://registry.npmjs.org/ssh2/-/ssh2-0.2.25.tgz",
      "integrity": "sha1-LtNEqF4f/qTYOrLehSZehLgWkeU=",
      "dependencies": {
        "asn1": "0.1.11",
        "streamsearch": "0.1.2"
      },
      "engines": {
        "node": ">=0.8.7"
      }
    },
    "node_modules/streamsearch": {
      "version": "0.1.2",
      "resolved": "https://registry.npmjs.org/streamsearch/-/streamsearch-0.1.2.tgz",
      "integrity": "sha1-gIudDlb8Jz2Am6VzOOkpkZoanxo=",
      "engines": {
        "node": ">=0.8.0"
      }
    }
  },
  "dependencies": {
    "asap": {
      "version": "1.0.0",
      "resolved": "https://registry.npmjs.org/asap/-/asap-1.0.0.tgz",
      "integrity": "sha1-sqRdpf36ILBJb8N2jMJ8EvqRan0="
    },
    "asn1": {
      "version": "0.1.11",
      "resolved": "https://registry.npmjs.org/asn1/-/asn1-0.1.11.tgz",
      "integrity": "sha1-VZvhg3bQik7E2+gId9J4GGObLfc="
    },
    "buffers": {
      "version": "0.1.1",
      "resolved": "https://registry.npmjs.org/buffers/-/buffers-0.1.1.tgz",
      "integrity": "sha1-skV5w77U1tOWru5tmorn9Ugqt7s="
    },
    "debug": {
      "version": "0.7.4",
      "resolved": "https://registry.npmjs.org/debug/-/debug-0.7.4.tgz",
      "integrity": "sha1-BuHqgILCyxTjmAbiLi9vdX+Srzk="
    },
    "promise": {
      "version": "4.0.0",
      "resolved": "https://registry.npmjs.org/promise/-/promise-4.0.0.tgz",
      "integrity": "sha1-ctlleYj16HUoKTaGxho0XtIFTEY=",
      "requires": {
        "asap": "~1.0.0"
      }
    },
    "promise-deferred": {
      "version": "0.1.1",
      "resolved": "https://registry.npmjs.org/promise-deferred/-/promise-deferred-0.1.1.tgz",
      "integrity": "sha1-kvOYzhVzqiI5YvQDf34tcaMG8eE=",
      "requires": {
        "promise": "~4.0.0"
      }
    },
    "shc": {
      "version": "0.0.3",
      "resolved": "https://registry.npmjs.org/shc/-/shc-0.0.3.tgz",
      "integrity": "sha1-PY3+ebcDBIlxSFQb+obUHW6wV2E=",
      "requires": {
        "buffers": "0.1.x",
        "debug": "0.7.x",
        "promise-deferred": "0.1.x",
        "ssh2": "~0.2.22"
      }
    },
    "ssh2": {
      "version": "0.2.25",
      "resolved": "https://registry.npmjs.org/ssh2/-/ssh2-0.2.25.tgz",
      "integrity": "sha1-LtNEqF4f/qTYOrLehSZehLgWkeU=",
      "requires": {
        "asn1": "0.1.11",
        "streamsearch": "0.1.2"
      }
    },
    "streamsearch": {
      "version": "0.1.2",
      "resolved": "https://registry.npmjs.org/streamsearch/-/streamsearch-0.1.2.tgz",
      "integrity": "sha1-gIudDlb8Jz2Am6VzOOkpkZoanxo="
    }
  }
}
